// !$*UTF8*$!
{
	archiveVersion = 1;
	classes = {
	};
	objectVersion = 50;
	objects = {

/* Begin PBXBuildFile section */
		09B781902387FB3B005D4D20 /* AppDelegate.swift in Sources */ = {isa = PBXBuildFile; fileRef = 09B7818F2387FB3B005D4D20 /* AppDelegate.swift */; };
		09B781922387FB3B005D4D20 /* SceneDelegate.swift in Sources */ = {isa = PBXBuildFile; fileRef = 09B781912387FB3B005D4D20 /* SceneDelegate.swift */; };
		09B781972387FB3B005D4D20 /* Main.storyboard in Resources */ = {isa = PBXBuildFile; fileRef = 09B781952387FB3B005D4D20 /* Main.storyboard */; };
		09B7819A2387FB3B005D4D20 /* TodoList_with_Core_Data.xcdatamodeld in Sources */ = {isa = PBXBuildFile; fileRef = 09B781982387FB3B005D4D20 /* TodoList_with_Core_Data.xcdatamodeld */; };
		09B7819C2387FB3E005D4D20 /* Assets.xcassets in Resources */ = {isa = PBXBuildFile; fileRef = 09B7819B2387FB3E005D4D20 /* Assets.xcassets */; };
		09B7819F2387FB3E005D4D20 /* LaunchScreen.storyboard in Resources */ = {isa = PBXBuildFile; fileRef = 09B7819D2387FB3E005D4D20 /* LaunchScreen.storyboard */; };
		09B781AD23880F29005D4D20 /* TodoViewController.swift in Sources */ = {isa = PBXBuildFile; fileRef = 09B781AC23880F29005D4D20 /* TodoViewController.swift */; };
/* End PBXBuildFile section */

/* Begin PBXFileReference section */
		09B7818C2387FB3B005D4D20 /* TodoList with Core Data.app */ = {isa = PBXFileReference; explicitFileType = wrapper.application; includeInIndex = 0; path = "TodoList with Core Data.app"; sourceTree = BUILT_PRODUCTS_DIR; };
		09B7818F2387FB3B005D4D20 /* AppDelegate.swift */ = {isa = PBXFileReference; lastKnownFileType = sourcecode.swift; path = AppDelegate.swift; sourceTree = "<group>"; };
		09B781912387FB3B005D4D20 /* SceneDelegate.swift */ = {isa = PBXFileReference; lastKnownFileType = sourcecode.swift; path = SceneDelegate.swift; sourceTree = "<group>"; };
		09B781962387FB3B005D4D20 /* Base */ = {isa = PBXFileReference; lastKnownFileType = file.storyboard; name = Base; path = Base.lproj/Main.storyboard; sourceTree = "<group>"; };
		09B781992387FB3B005D4D20 /* TodoList_with_Core_Data.xcdatamodel */ = {isa = PBXFileReference; lastKnownFileType = wrapper.xcdatamodel; path = TodoList_with_Core_Data.xcdatamodel; sourceTree = "<group>"; };
		09B7819B2387FB3E005D4D20 /* Assets.xcassets */ = {isa = PBXFileReference; lastKnownFileType = folder.assetcatalog; path = Assets.xcassets; sourceTree = "<group>"; };
		09B7819E2387FB3E005D4D20 /* Base */ = {isa = PBXFileReference; lastKnownFileType = file.storyboard; name = Base; path = Base.lproj/LaunchScreen.storyboard; sourceTree = "<group>"; };
		09B781A02387FB3E005D4D20 /* Info.plist */ = {isa = PBXFileReference; lastKnownFileType = text.plist.xml; path = Info.plist; sourceTree = "<group>"; };
		09B781AC23880F29005D4D20 /* TodoViewController.swift */ = {isa = PBXFileReference; lastKnownFileType = sourcecode.swift; path = TodoViewController.swift; sourceTree = "<group>"; };
/* End PBXFileReference section */

/* Begin PBXFrameworksBuildPhase section */
		09B781892387FB3B005D4D20 /* Frameworks */ = {
			isa = PBXFrameworksBuildPhase;
			buildActionMask = 2147483647;
			files = (
			);
			runOnlyForDeploymentPostprocessing = 0;
		};
/* End PBXFrameworksBuildPhase section */

/* Begin PBXGroup section */
		09B781832387FB3B005D4D20 = {
			isa = PBXGroup;
			children = (
				09B7818E2387FB3B005D4D20 /* TodoList with Core Data */,
				09B7818D2387FB3B005D4D20 /* Products */,
			);
			sourceTree = "<group>";
		};
		09B7818D2387FB3B005D4D20 /* Products */ = {
			isa = PBXGroup;
			children = (
				09B7818C2387FB3B005D4D20 /* TodoList with Core Data.app */,
			);
			name = Products;
			sourceTree = "<group>";
		};
		09B7818E2387FB3B005D4D20 /* TodoList with Core Data */ = {
			isa = PBXGroup;
			children = (
				09B7818F2387FB3B005D4D20 /* AppDelegate.swift */,
				09B781912387FB3B005D4D20 /* SceneDelegate.swift */,
				09B781AC23880F29005D4D20 /* TodoViewController.swift */,
				09B781952387FB3B005D4D20 /* Main.storyboard */,
				09B7819B2387FB3E005D4D20 /* Assets.xcassets */,
				09B7819D2387FB3E005D4D20 /* LaunchScreen.storyboard */,
				09B781A02387FB3E005D4D20 /* Info.plist */,
				09B781982387FB3B005D4D20 /* TodoList_with_Core_Data.xcdatamodeld */,
			);
			path = "TodoList with Core Data";
			sourceTree = "<group>";
		};
/* End PBXGroup section */

/* Begin PBXNativeTarget section */
		09B7818B2387FB3B005D4D20 /* TodoList with Core Data */ = {
			isa = PBXNativeTarget;
			buildConfigurationList = 09B781A32387FB3E005D4D20 /* Build configuration list for PBXNativeTarget "TodoList with Core Data" */;
			buildPhases = (
				09B781882387FB3B005D4D20 /* Sources */,
				09B781892387FB3B005D4D20 /* Frameworks */,
				09B7818A2387FB3B005D4D20 /* Resources */,
			);
			buildRules = (
			);
			dependencies = (
			);
			name = "TodoList with Core Data";
			productName = "TodoList with Core Data";
			productReference = 09B7818C2387FB3B005D4D20 /* TodoList with Core Data.app */;
			productType = "com.apple.product-type.application";
		};
/* End PBXNativeTarget section */

/* Begin PBXProject section */
		09B781842387FB3B005D4D20 /* Project object */ = {
			isa = PBXProject;
			attributes = {
				LastSwiftUpdateCheck = 1110;
				LastUpgradeCheck = 1110;
				ORGANIZATIONNAME = "Kate Klavina";
				TargetAttributes = {
					09B7818B2387FB3B005D4D20 = {
						CreatedOnToolsVersion = 11.1;
					};
				};
			};
			buildConfigurationList = 09B781872387FB3B005D4D20 /* Build configuration list for PBXProject "TodoList with Core Data" */;
			compatibilityVersion = "Xcode 9.3";
			developmentRegion = en;
			hasScannedForEncodings = 0;
			knownRegions = (
				en,
				Base,
			);
			mainGroup = 09B781832387FB3B005D4D20;
			productRefGroup = 09B7818D2387FB3B005D4D20 /* Products */;
			projectDirPath = "";
			projectRoot = "";
			targets = (
				09B7818B2387FB3B005D4D20 /* TodoList with Core Data */,
			);
		};
/* End PBXProject section */

/* Begin PBXResourcesBuildPhase section */
		09B7818A2387FB3B005D4D20 /* Resources */ = {
			isa = PBXResourcesBuildPhase;
			buildActionMask = 2147483647;
			files = (
				09B7819F2387FB3E005D4D20 /* LaunchScreen.storyboard in Resources */,
				09B7819C2387FB3E005D4D20 /* Assets.xcassets in Resources */,
				09B781972387FB3B005D4D20 /* Main.storyboard in Resources */,
			);
			runOnlyForDeploymentPostprocessing = 0;
		};
/* End PBXResourcesBuildPhase section */

/* Begin PBXSourcesBuildPhase section */
		09B781882387FB3B005D4D20 /* Sources */ = {
			isa = PBXSourcesBuildPhase;
			buildActionMask = 2147483647;
			files = (
				09B781AD23880F29005D4D20 /* TodoViewController.swift in Sources */,
				09B781902387FB3B005D4D20 /* AppDelegate.swift in Sources */,
				09B7819A2387FB3B005D4D20 /* TodoList_with_Core_Data.xcdatamodeld in Sources */,
				09B781922387FB3B005D4D20 /* SceneDelegate.swift in Sources */,
			);
			runOnlyForDeploymentPostprocessing = 0;
		};
/* End PBXSourcesBuildPhase section */

/* Begin PBXVariantGroup section */
		09B781952387FB3B005D4D20 /* Main.storyboard */ = {
			isa = PBXVariantGroup;
			children = (
				09B781962387FB3B005D4D20 /* Base */,
			);
			name = Main.storyboard;
			sourceTree = "<group>";
		};
		09B7819D2387FB3E005D4D20 /* LaunchScreen.storyboard */ = {
			isa = PBXVariantGroup;
			children = (
				09B7819E2387FB3E005D4D20 /* Base */,
			);
			name = LaunchScreen.storyboard;
			sourceTree = "<group>";
		};
/* End PBXVariantGroup section */

/* Begin XCBuildConfiguration section */
		09B781A12387FB3E005D4D20 /* Debug */ = {
			isa = XCBuildConfiguration;
			buildSettings = {
				ALWAYS_SEARCH_USER_PATHS = NO;
				CLANG_ANALYZER_NONNULL = YES;
				CLANG_ANALYZER_NUMBER_OBJECT_CONVERSION = YES_AGGRESSIVE;
				CLANG_CXX_LANGUAGE_STANDARD = "gnu++14";
				CLANG_CXX_LIBRARY = "libc++";
				CLANG_ENABLE_MODULES = YES;
				CLANG_ENABLE_OBJC_ARC = YES;
				CLANG_ENABLE_OBJC_WEAK = YES;
				CLANG_WARN_BLOCK_CAPTURE_AUTORELEASING = YES;
				CLANG_WARN_BOOL_CONVERSION = YES;
				CLANG_WARN_COMMA = YES;
				CLANG_WARN_CONSTANT_CONVERSION = YES;
				CLANG_WARN_DEPRECATED_OBJC_IMPLEMENTATIONS = YES;
				CLANG_WARN_DIRECT_OBJC_ISA_USAGE = YES_ERROR;
				CLANG_WARN_DOCUMENTATION_COMMENTS = YES;
				CLANG_WARN_EMPTY_BODY = YES;
				CLANG_WARN_ENUM_CONVERSION = YES;
				CLANG_WARN_INFINITE_RECURSION = YES;
				CLANG_WARN_INT_CONVERSION = YES;
				CLANG_WARN_NON_LITERAL_NULL_CONVERSION = YES;
				CLANG_WARN_OBJC_IMPLICIT_RETAIN_SELF = YES;
				CLANG_WARN_OBJC_LITERAL_CONVERSION = YES;
				CLANG_WARN_OBJC_ROOT_CLASS = YES_ERROR;
				CLANG_WARN_RANGE_LOOP_ANALYSIS = YES;
				CLANG_WARN_STRICT_PROTOTYPES = YES;
				CLANG_WARN_SUSPICIOUS_MOVE = YES;
				CLANG_WARN_UNGUARDED_AVAILABILITY = YES_AGGRESSIVE;
				CLANG_WARN_UNREACHABLE_CODE = YES;
				CLANG_WARN__DUPLICATE_METHOD_MATCH = YES;
				COPY_PHASE_STRIP = NO;
				DEBUG_INFORMATION_FORMAT = dwarf;
				ENABLE_STRICT_OBJC_MSGSEND = YES;
				ENABLE_TESTABILITY = YES;
				GCC_C_LANGUAGE_STANDARD = gnu11;
				GCC_DYNAMIC_NO_PIC = NO;
				GCC_NO_COMMON_BLOCKS = YES;
				GCC_OPTIMIZATION_LEVEL = 0;
				GCC_PREPROCESSOR_DEFINITIONS = (
					"DEBUG=1",
					"$(inherited)",
				);
				GCC_WARN_64_TO_32_BIT_CONVERSION = YES;
				GCC_WARN_ABOUT_RETURN_TYPE = YES_ERROR;
				GCC_WARN_UNDECLARED_SELECTOR = YES;
				GCC_WARN_UNINITIALIZED_AUTOS = YES_AGGRESSIVE;
				GCC_WARN_UNUSED_FUNCTION = YES;
				GCC_WARN_UNUSED_VARIABLE = YES;
				IPHONEOS_DEPLOYMENT_TARGET = 13.1;
				MTL_ENABLE_DEBUG_INFO = INCLUDE_SOURCE;
				MTL_FAST_MATH = YES;
				ONLY_ACTIVE_ARCH = YES;
				SDKROOT = iphoneos;
				SWIFT_ACTIVE_COMPILATION_CONDITIONS = DEBUG;
				SWIFT_OPTIMIZATION_LEVEL = "-Onone";
			};
			name = Debug;
		};
		09B781A22387FB3E005D4D20 /* Release */ = {
			isa = XCBuildConfiguration;
			buildSettings = {
				ALWAYS_SEARCH_USER_PATHS = NO;
				CLANG_ANALYZER_NONNULL = YES;
				CLANG_ANALYZER_NUMBER_OBJECT_CONVERSION = YES_AGGRESSIVE;
				CLANG_CXX_LANGUAGE_STANDARD = "gnu++14";
				CLANG_CXX_LIBRARY = "libc++";
				CLANG_ENABLE_MODULES = YES;
				CLANG_ENABLE_OBJC_ARC = YES;
				CLANG_ENABLE_OBJC_WEAK = YES;
				CLANG_WARN_BLOCK_CAPTURE_AUTORELEASING = YES;
				CLANG_WARN_BOOL_CONVERSION = YES;
				CLANG_WARN_COMMA = YES;
				CLANG_WARN_CONSTANT_CONVERSION = YES;
				CLANG_WARN_DEPRECATED_OBJC_IMPLEMENTATIONS = YES;
				CLANG_WARN_DIRECT_OBJC_ISA_USAGE = YES_ERROR;
				CLANG_WARN_DOCUMENTATION_COMMENTS = YES;
				CLANG_WARN_EMPTY_BODY = YES;
				CLANG_WARN_ENUM_CONVERSION = YES;
				CLANG_WARN_INFINITE_RECURSION = YES;
				CLANG_WARN_INT_CONVERSION = YES;
				CLANG_WARN_NON_LITERAL_NULL_CONVERSION = YES;
				CLANG_WARN_OBJC_IMPLICIT_RETAIN_SELF = YES;
				CLANG_WARN_OBJC_LITERAL_CONVERSION = YES;
				CLANG_WARN_OBJC_ROOT_CLASS = YES_ERROR;
				CLANG_WARN_RANGE_LOOP_ANALYSIS = YES;
				CLANG_WARN_STRICT_PROTOTYPES = YES;
				CLANG_WARN_SUSPICIOUS_MOVE = YES;
				CLANG_WARN_UNGUARDED_AVAILABILITY = YES_AGGRESSIVE;
				CLANG_WARN_UNREACHABLE_CODE = YES;
				CLANG_WARN__DUPLICATE_METHOD_MATCH = YES;
				COPY_PHASE_STRIP = NO;
				DEBUG_INFORMATION_FORMAT = "dwarf-with-dsym";
				ENABLE_NS_ASSERTIONS = NO;
				ENABLE_STRICT_OBJC_MSGSEND = YES;
				GCC_C_LANGUAGE_STANDARD = gnu11;
				GCC_NO_COMMON_BLOCKS = YES;
				GCC_WARN_64_TO_32_BIT_CONVERSION = YES;
				GCC_WARN_ABOUT_RETURN_TYPE = YES_ERROR;
				GCC_WARN_UNDECLARED_SELECTOR = YES;
				GCC_WARN_UNINITIALIZED_AUTOS = YES_AGGRESSIVE;
				GCC_WARN_UNUSED_FUNCTION = YES;
				GCC_WARN_UNUSED_VARIABLE = YES;
				IPHONEOS_DEPLOYMENT_TARGET = 13.1;
				MTL_ENABLE_DEBUG_INFO = NO;
				MTL_FAST_MATH = YES;
				SDKROOT = iphoneos;
				SWIFT_COMPILATION_MODE = wholemodule;
				SWIFT_OPTIMIZATION_LEVEL = "-O";
				VALIDATE_PRODUCT = YES;
			};
			name = Release;
		};
		09B781A42387FB3E005D4D20 /* Debug */ = {
			isa = XCBuildConfiguration;
			buildSettings = {
				ASSETCATALOG_COMPILER_APPICON_NAME = AppIcon;
				CODE_SIGN_STYLE = Automatic;
				DEVELOPMENT_TEAM = RYS44LQG6F;
				INFOPLIST_FILE = "TodoList with Core Data/Info.plist";
				LD_RUNPATH_SEARCH_PATHS = (
					"$(inherited)",
					"@executable_path/Frameworks",
				);
				PRODUCT_BUNDLE_IDENTIFIER = "com.kateklavina.TodoList-with-Core-Data";
				PRODUCT_NAME = "$(TARGET_NAME)";
				SWIFT_VERSION = 5.0;
				TARGETED_DEVICE_FAMILY = "1,2";
			};
			name = Debug;
		};
		09B781A52387FB3E005D4D20 /* Release */ = {
			isa = XCBuildConfiguration;
			buildSettings = {
				ASSETCATALOG_COMPILER_APPICON_NAME = AppIcon;
				CODE_SIGN_STYLE = Automatic;
				DEVELOPMENT_TEAM = RYS44LQG6F;
				INFOPLIST_FILE = "TodoList with Core Data/Info.plist";
				LD_RUNPATH_SEARCH_PATHS = (
					"$(inherited)",
					"@executable_path/Frameworks",
				);
				PRODUCT_BUNDLE_IDENTIFIER = "com.kateklavina.TodoList-with-Core-Data";
				PRODUCT_NAME = "$(TARGET_NAME)";
				SWIFT_VERSION = 5.0;
				TARGETED_DEVICE_FAMILY = "1,2";
			};
			name = Release;
		};
/* End XCBuildConfiguration section */

/* Begin XCConfigurationList section */
		09B781872387FB3B005D4D20 /* Build configuration list for PBXProject "TodoList with Core Data" */ = {
			isa = XCConfigurationList;
			buildConfigurations = (
				09B781A12387FB3E005D4D20 /* Debug */,
				09B781A22387FB3E005D4D20 /* Release */,
			);
			defaultConfigurationIsVisible = 0;
			defaultConfigurationName = Release;
		};
		09B781A32387FB3E005D4D20 /* Build configuration list for PBXNativeTarget "TodoList with Core Data" */ = {
			isa = XCConfigurationList;
			buildConfigurations = (
				09B781A42387FB3E005D4D20 /* Debug */,
				09B781A52387FB3E005D4D20 /* Release */,
			);
			defaultConfigurationIsVisible = 0;
			defaultConfigurationName = Release;
		};
/* End XCConfigurationList section */

/* Begin XCVersionGroup section */
		09B781982387FB3B005D4D20 /* TodoList_with_Core_Data.xcdatamodeld */ = {
			isa = XCVersionGroup;
			children = (
				09B781992387FB3B005D4D20 /* TodoList_with_Core_Data.xcdatamodel */,
			);
			currentVersion = 09B781992387FB3B005D4D20 /* TodoList_with_Core_Data.xcdatamodel */;
			path = TodoList_with_Core_Data.xcdatamodeld;
			sourceTree = "<group>";
			versionGroupType = wrapper.xcdatamodel;
		};
/* End XCVersionGroup section */
	};
	rootObject = 09B781842387FB3B005D4D20 /* Project object */;
}
